
Microsoft Visual Studio Solution File, Format Version 12.00
# Visual Studio Version 17
VisualStudioVersion = 17.8.34525.116
MinimumVisualStudioVersion = 10.0.40219.1
Project("{FAE04EC0-301F-11D3-BF4B-00C04F79EFBC}") = "HttpTask", "HttpTask\HttpTask.csproj", "{5A435CB1-63A4-4E59-B447-DA7DFC0065A4}"
EndProject
Project("{FAE04EC0-301F-11D3-BF4B-00C04F79EFBC}") = "ServerSide", "ServerSide\ServerSide.csproj", "{84BE5DCA-E755-48CB-901D-B2926522911B}"
EndProject
Global
	GlobalSection(SolutionConfigurationPlatforms) = preSolution
		Debug|Any CPU = Debug|Any CPU
		Release|Any CPU = Release|Any CPU
	EndGlobalSection
	GlobalSection(ProjectConfigurationPlatforms) = postSolution
		{5A435CB1-63A4-4E59-B447-DA7DFC0065A4}.Debug|Any CPU.ActiveCfg = Debug|Any CPU
		{5A435CB1-63A4-4E59-B447-DA7DFC0065A4}.Debug|Any CPU.Build.0 = Debug|Any CPU
		{5A435CB1-63A4-4E59-B447-DA7DFC0065A4}.Release|Any CPU.ActiveCfg = Release|Any CPU
		{5A435CB1-63A4-4E59-B447-DA7DFC0065A4}.Release|Any CPU.Build.0 = Release|Any CPU
		{84BE5DCA-E755-48CB-901D-B2926522911B}.Debug|Any CPU.ActiveCfg = Debug|Any CPU
		{84BE5DCA-E755-48CB-901D-B2926522911B}.Debug|Any CPU.Build.0 = Debug|Any CPU
		{84BE5DCA-E755-48CB-901D-B2926522911B}.Release|Any CPU.ActiveCfg = Release|Any CPU
		{84BE5DCA-E755-48CB-901D-B2926522911B}.Release|Any CPU.Build.0 = Release|Any CPU
	EndGlobalSection
	GlobalSection(SolutionProperties) = preSolution
		HideSolutionNode = FALSE
	EndGlobalSection
	GlobalSection(ExtensibilityGlobals) = postSolution
		SolutionGuid = {6ECA8984-D38F-491D-A987-CA5B5AE0B1BB}
	EndGlobalSection
EndGlobal
